// !$*UTF8*$!
{
	archiveVersion = 1;
	classes = {
	};
	objectVersion = 55;
	objects = {

/* Begin PBXBuildFile section */
		935C7A572850EE2C002AA3BD /* AppDelegate.swift in Sources */ = {isa = PBXBuildFile; fileRef = 935C7A562850EE2C002AA3BD /* AppDelegate.swift */; };
		935C7A592850EE2C002AA3BD /* SceneDelegate.swift in Sources */ = {isa = PBXBuildFile; fileRef = 935C7A582850EE2C002AA3BD /* SceneDelegate.swift */; };
		935C7A5E2850EE2D002AA3BD /* Main.storyboard in Resources */ = {isa = PBXBuildFile; fileRef = 935C7A5C2850EE2D002AA3BD /* Main.storyboard */; };
		935C7A602850EE2E002AA3BD /* Assets.xcassets in Resources */ = {isa = PBXBuildFile; fileRef = 935C7A5F2850EE2E002AA3BD /* Assets.xcassets */; };
		935C7A632850EE2E002AA3BD /* LaunchScreen.storyboard in Resources */ = {isa = PBXBuildFile; fileRef = 935C7A612850EE2E002AA3BD /* LaunchScreen.storyboard */; };
		936ED3142858CF490007CFC4 /* WeatherViewController.swift in Sources */ = {isa = PBXBuildFile; fileRef = 936ED3132858CF490007CFC4 /* WeatherViewController.swift */; };
		936ED3162858D4B70007CFC4 /* WeatherManager.swift in Sources */ = {isa = PBXBuildFile; fileRef = 936ED3152858D4B70007CFC4 /* WeatherManager.swift */; };
		936ED3182858D4F90007CFC4 /* WeatherModel.swift in Sources */ = {isa = PBXBuildFile; fileRef = 936ED3172858D4F90007CFC4 /* WeatherModel.swift */; };
		936ED31A2858D5170007CFC4 /* WeatherData.swift in Sources */ = {isa = PBXBuildFile; fileRef = 936ED3192858D5170007CFC4 /* WeatherData.swift */; };
/* End PBXBuildFile section */

/* Begin PBXFileReference section */
		935C7A532850EE2C002AA3BD /* PerectBNB.app */ = {isa = PBXFileReference; explicitFileType = wrapper.application; includeInIndex = 0; path = PerectBNB.app; sourceTree = BUILT_PRODUCTS_DIR; };
		935C7A562850EE2C002AA3BD /* AppDelegate.swift */ = {isa = PBXFileReference; lastKnownFileType = sourcecode.swift; path = AppDelegate.swift; sourceTree = "<group>"; };
		935C7A582850EE2C002AA3BD /* SceneDelegate.swift */ = {isa = PBXFileReference; lastKnownFileType = sourcecode.swift; path = SceneDelegate.swift; sourceTree = "<group>"; };
		935C7A5D2850EE2D002AA3BD /* Base */ = {isa = PBXFileReference; lastKnownFileType = file.storyboard; name = Base; path = Base.lproj/Main.storyboard; sourceTree = "<group>"; };
		935C7A5F2850EE2E002AA3BD /* Assets.xcassets */ = {isa = PBXFileReference; lastKnownFileType = folder.assetcatalog; path = Assets.xcassets; sourceTree = "<group>"; };
		935C7A622850EE2E002AA3BD /* Base */ = {isa = PBXFileReference; lastKnownFileType = file.storyboard; name = Base; path = Base.lproj/LaunchScreen.storyboard; sourceTree = "<group>"; };
		935C7A642850EE2E002AA3BD /* Info.plist */ = {isa = PBXFileReference; lastKnownFileType = text.plist.xml; path = Info.plist; sourceTree = "<group>"; };
		936ED3132858CF490007CFC4 /* WeatherViewController.swift */ = {isa = PBXFileReference; lastKnownFileType = sourcecode.swift; path = WeatherViewController.swift; sourceTree = "<group>"; };
		936ED3152858D4B70007CFC4 /* WeatherManager.swift */ = {isa = PBXFileReference; lastKnownFileType = sourcecode.swift; path = WeatherManager.swift; sourceTree = "<group>"; };
		936ED3172858D4F90007CFC4 /* WeatherModel.swift */ = {isa = PBXFileReference; lastKnownFileType = sourcecode.swift; path = WeatherModel.swift; sourceTree = "<group>"; };
		936ED3192858D5170007CFC4 /* WeatherData.swift */ = {isa = PBXFileReference; lastKnownFileType = sourcecode.swift; path = WeatherData.swift; sourceTree = "<group>"; };
/* End PBXFileReference section */

/* Begin PBXFrameworksBuildPhase section */
		935C7A502850EE2C002AA3BD /* Frameworks */ = {
			isa = PBXFrameworksBuildPhase;
			buildActionMask = 2147483647;
			files = (
			);
			runOnlyForDeploymentPostprocessing = 0;
		};
/* End PBXFrameworksBuildPhase section */

/* Begin PBXGroup section */
		935C7A4A2850EE2C002AA3BD = {
			isa = PBXGroup;
			children = (
				935C7A552850EE2C002AA3BD /* PerectBNB */,
				935C7A542850EE2C002AA3BD /* Products */,
			);
			sourceTree = "<group>";
		};
		935C7A542850EE2C002AA3BD /* Products */ = {
			isa = PBXGroup;
			children = (
				935C7A532850EE2C002AA3BD /* PerectBNB.app */,
			);
			name = Products;
			sourceTree = "<group>";
		};
		935C7A552850EE2C002AA3BD /* PerectBNB */ = {
			isa = PBXGroup;
			children = (
				935C7A562850EE2C002AA3BD /* AppDelegate.swift */,
				935C7A582850EE2C002AA3BD /* SceneDelegate.swift */,
				935C7A5C2850EE2D002AA3BD /* Main.storyboard */,
				936ED3132858CF490007CFC4 /* WeatherViewController.swift */,
				935C7A5F2850EE2E002AA3BD /* Assets.xcassets */,
				935C7A612850EE2E002AA3BD /* LaunchScreen.storyboard */,
				935C7A642850EE2E002AA3BD /* Info.plist */,
				936ED3152858D4B70007CFC4 /* WeatherManager.swift */,
				936ED3172858D4F90007CFC4 /* WeatherModel.swift */,
				936ED3192858D5170007CFC4 /* WeatherData.swift */,
			);
			path = PerectBNB;
			sourceTree = "<group>";
		};
/* End PBXGroup section */

/* Begin PBXNativeTarget section */
		935C7A522850EE2C002AA3BD /* PerectBNB */ = {
			isa = PBXNativeTarget;
			buildConfigurationList = 935C7A672850EE2E002AA3BD /* Build configuration list for PBXNativeTarget "PerectBNB" */;
			buildPhases = (
				935C7A4F2850EE2C002AA3BD /* Sources */,
				935C7A502850EE2C002AA3BD /* Frameworks */,
				935C7A512850EE2C002AA3BD /* Resources */,
			);
			buildRules = (
			);
			dependencies = (
			);
			name = PerectBNB;
			productName = PerectBNB;
			productReference = 935C7A532850EE2C002AA3BD /* PerectBNB.app */;
			productType = "com.apple.product-type.application";
		};
/* End PBXNativeTarget section */

/* Begin PBXProject section */
		935C7A4B2850EE2C002AA3BD /* Project object */ = {
			isa = PBXProject;
			attributes = {
				BuildIndependentTargetsInParallel = 1;
				LastSwiftUpdateCheck = 1320;
				LastUpgradeCheck = 1320;
				TargetAttributes = {
					935C7A522850EE2C002AA3BD = {
						CreatedOnToolsVersion = 13.2.1;
					};
				};
			};
			buildConfigurationList = 935C7A4E2850EE2C002AA3BD /* Build configuration list for PBXProject "PerectBNB" */;
			compatibilityVersion = "Xcode 13.0";
			developmentRegion = en;
			hasScannedForEncodings = 0;
			knownRegions = (
				en,
				Base,
			);
			mainGroup = 935C7A4A2850EE2C002AA3BD;
			productRefGroup = 935C7A542850EE2C002AA3BD /* Products */;
			projectDirPath = "";
			projectRoot = "";
			targets = (
				935C7A522850EE2C002AA3BD /* PerectBNB */,
			);
		};
/* End PBXProject section */

/* Begin PBXResourcesBuildPhase section */
		935C7A512850EE2C002AA3BD /* Resources */ = {
			isa = PBXResourcesBuildPhase;
			buildActionMask = 2147483647;
			files = (
				935C7A632850EE2E002AA3BD /* LaunchScreen.storyboard in Resources */,
				935C7A602850EE2E002AA3BD /* Assets.xcassets in Resources */,
				935C7A5E2850EE2D002AA3BD /* Main.storyboard in Resources */,
			);
			runOnlyForDeploymentPostprocessing = 0;
		};
/* End PBXResourcesBuildPhase section */

/* Begin PBXSourcesBuildPhase section */
		935C7A4F2850EE2C002AA3BD /* Sources */ = {
			isa = PBXSourcesBuildPhase;
			buildActionMask = 2147483647;
			files = (
				935C7A572850EE2C002AA3BD /* AppDelegate.swift in Sources */,
				936ED3142858CF490007CFC4 /* WeatherViewController.swift in Sources */,
				936ED3162858D4B70007CFC4 /* WeatherManager.swift in Sources */,
				935C7A592850EE2C002AA3BD /* SceneDelegate.swift in Sources */,
				936ED31A2858D5170007CFC4 /* WeatherData.swift in Sources */,
				936ED3182858D4F90007CFC4 /* WeatherModel.swift in Sources */,
			);
			runOnlyForDeploymentPostprocessing = 0;
		};
/* End PBXSourcesBuildPhase section */

/* Begin PBXVariantGroup section */
		935C7A5C2850EE2D002AA3BD /* Main.storyboard */ = {
			isa = PBXVariantGroup;
			children = (
				935C7A5D2850EE2D002AA3BD /* Base */,
			);
			name = Main.storyboard;
			sourceTree = "<group>";
		};
		935C7A612850EE2E002AA3BD /* LaunchScreen.storyboard */ = {
			isa = PBXVariantGroup;
			children = (
				935C7A622850EE2E002AA3BD /* Base */,
			);
			name = LaunchScreen.storyboard;
			sourceTree = "<group>";
		};
/* End PBXVariantGroup section */

/* Begin XCBuildConfiguration section */
		935C7A652850EE2E002AA3BD /* Debug */ = {
			isa = XCBuildConfiguration;
			buildSettings = {
				ALWAYS_SEARCH_USER_PATHS = NO;
				CLANG_ANALYZER_NONNULL = YES;
				CLANG_ANALYZER_NUMBER_OBJECT_CONVERSION = YES_AGGRESSIVE;
				CLANG_CXX_LANGUAGE_STANDARD = "gnu++17";
				CLANG_CXX_LIBRARY = "libc++";
				CLANG_ENABLE_MODULES = YES;
				CLANG_ENABLE_OBJC_ARC = YES;
				CLANG_ENABLE_OBJC_WEAK = YES;
				CLANG_WARN_BLOCK_CAPTURE_AUTORELEASING = YES;
				CLANG_WARN_BOOL_CONVERSION = YES;
				CLANG_WARN_COMMA = YES;
				CLANG_WARN_CONSTANT_CONVERSION = YES;
				CLANG_WARN_DEPRECATED_OBJC_IMPLEMENTATIONS = YES;
				CLANG_WARN_DIRECT_OBJC_ISA_USAGE = YES_ERROR;
				CLANG_WARN_DOCUMENTATION_COMMENTS = YES;
				CLANG_WARN_EMPTY_BODY = YES;
				CLANG_WARN_ENUM_CONVERSION = YES;
				CLANG_WARN_INFINITE_RECURSION = YES;
				CLANG_WARN_INT_CONVERSION = YES;
				CLANG_WARN_NON_LITERAL_NULL_CONVERSION = YES;
				CLANG_WARN_OBJC_IMPLICIT_RETAIN_SELF = YES;
				CLANG_WARN_OBJC_LITERAL_CONVERSION = YES;
				CLANG_WARN_OBJC_ROOT_CLASS = YES_ERROR;
				CLANG_WARN_QUOTED_INCLUDE_IN_FRAMEWORK_HEADER = YES;
				CLANG_WARN_RANGE_LOOP_ANALYSIS = YES;
				CLANG_WARN_STRICT_PROTOTYPES = YES;
				CLANG_WARN_SUSPICIOUS_MOVE = YES;
				CLANG_WARN_UNGUARDED_AVAILABILITY = YES_AGGRESSIVE;
				CLANG_WARN_UNREACHABLE_CODE = YES;
				CLANG_WARN__DUPLICATE_METHOD_MATCH = YES;
				COPY_PHASE_STRIP = NO;
				DEBUG_INFORMATION_FORMAT = dwarf;
				ENABLE_STRICT_OBJC_MSGSEND = YES;
				ENABLE_TESTABILITY = YES;
				GCC_C_LANGUAGE_STANDARD = gnu11;
				GCC_DYNAMIC_NO_PIC = NO;
				GCC_NO_COMMON_BLOCKS = YES;
				GCC_OPTIMIZATION_LEVEL = 0;
				GCC_PREPROCESSOR_DEFINITIONS = (
					"DEBUG=1",
					"$(inherited)",
				);
				GCC_WARN_64_TO_32_BIT_CONVERSION = YES;
				GCC_WARN_ABOUT_RETURN_TYPE = YES_ERROR;
				GCC_WARN_UNDECLARED_SELECTOR = YES;
				GCC_WARN_UNINITIALIZED_AUTOS = YES_AGGRESSIVE;
				GCC_WARN_UNUSED_FUNCTION = YES;
				GCC_WARN_UNUSED_VARIABLE = YES;
				IPHONEOS_DEPLOYMENT_TARGET = 15.2;
				MTL_ENABLE_DEBUG_INFO = INCLUDE_SOURCE;
				MTL_FAST_MATH = YES;
				ONLY_ACTIVE_ARCH = YES;
				SDKROOT = iphoneos;
				SWIFT_ACTIVE_COMPILATION_CONDITIONS = DEBUG;
				SWIFT_OPTIMIZATION_LEVEL = "-Onone";
			};
			name = Debug;
		};
		935C7A662850EE2E002AA3BD /* Release */ = {
			isa = XCBuildConfiguration;
			buildSettings = {
				ALWAYS_SEARCH_USER_PATHS = NO;
				CLANG_ANALYZER_NONNULL = YES;
				CLANG_ANALYZER_NUMBER_OBJECT_CONVERSION = YES_AGGRESSIVE;
				CLANG_CXX_LANGUAGE_STANDARD = "gnu++17";
				CLANG_CXX_LIBRARY = "libc++";
				CLANG_ENABLE_MODULES = YES;
				CLANG_ENABLE_OBJC_ARC = YES;
				CLANG_ENABLE_OBJC_WEAK = YES;
				CLANG_WARN_BLOCK_CAPTURE_AUTORELEASING = YES;
				CLANG_WARN_BOOL_CONVERSION = YES;
				CLANG_WARN_COMMA = YES;
				CLANG_WARN_CONSTANT_CONVERSION = YES;
				CLANG_WARN_DEPRECATED_OBJC_IMPLEMENTATIONS = YES;
				CLANG_WARN_DIRECT_OBJC_ISA_USAGE = YES_ERROR;
				CLANG_WARN_DOCUMENTATION_COMMENTS = YES;
				CLANG_WARN_EMPTY_BODY = YES;
				CLANG_WARN_ENUM_CONVERSION = YES;
				CLANG_WARN_INFINITE_RECURSION = YES;
				CLANG_WARN_INT_CONVERSION = YES;
				CLANG_WARN_NON_LITERAL_NULL_CONVERSION = YES;
				CLANG_WARN_OBJC_IMPLICIT_RETAIN_SELF = YES;
				CLANG_WARN_OBJC_LITERAL_CONVERSION = YES;
				CLANG_WARN_OBJC_ROOT_CLASS = YES_ERROR;
				CLANG_WARN_QUOTED_INCLUDE_IN_FRAMEWORK_HEADER = YES;
				CLANG_WARN_RANGE_LOOP_ANALYSIS = YES;
				CLANG_WARN_STRICT_PROTOTYPES = YES;
				CLANG_WARN_SUSPICIOUS_MOVE = YES;
				CLANG_WARN_UNGUARDED_AVAILABILITY = YES_AGGRESSIVE;
				CLANG_WARN_UNREACHABLE_CODE = YES;
				CLANG_WARN__DUPLICATE_METHOD_MATCH = YES;
				COPY_PHASE_STRIP = NO;
				DEBUG_INFORMATION_FORMAT = "dwarf-with-dsym";
				ENABLE_NS_ASSERTIONS = NO;
				ENABLE_STRICT_OBJC_MSGSEND = YES;
				GCC_C_LANGUAGE_STANDARD = gnu11;
				GCC_NO_COMMON_BLOCKS = YES;
				GCC_WARN_64_TO_32_BIT_CONVERSION = YES;
				GCC_WARN_ABOUT_RETURN_TYPE = YES_ERROR;
				GCC_WARN_UNDECLARED_SELECTOR = YES;
				GCC_WARN_UNINITIALIZED_AUTOS = YES_AGGRESSIVE;
				GCC_WARN_UNUSED_FUNCTION = YES;
				GCC_WARN_UNUSED_VARIABLE = YES;
				IPHONEOS_DEPLOYMENT_TARGET = 15.2;
				MTL_ENABLE_DEBUG_INFO = NO;
				MTL_FAST_MATH = YES;
				SDKROOT = iphoneos;
				SWIFT_COMPILATION_MODE = wholemodule;
				SWIFT_OPTIMIZATION_LEVEL = "-O";
				VALIDATE_PRODUCT = YES;
			};
			name = Release;
		};
		935C7A682850EE2E002AA3BD /* Debug */ = {
			isa = XCBuildConfiguration;
			buildSettings = {
				ASSETCATALOG_COMPILER_APPICON_NAME = AppIcon;
				ASSETCATALOG_COMPILER_GLOBAL_ACCENT_COLOR_NAME = AccentColor;
				CODE_SIGN_STYLE = Automatic;
				CURRENT_PROJECT_VERSION = 1;
				DEVELOPMENT_TEAM = 4ZFGP72SKW;
				GENERATE_INFOPLIST_FILE = YES;
				INFOPLIST_FILE = PerectBNB/Info.plist;
				INFOPLIST_KEY_UIApplicationSupportsIndirectInputEvents = YES;
				INFOPLIST_KEY_UILaunchStoryboardName = LaunchScreen;
				INFOPLIST_KEY_UIMainStoryboardFile = Main;
				INFOPLIST_KEY_UISupportedInterfaceOrientations_iPad = "UIInterfaceOrientationPortrait UIInterfaceOrientationPortraitUpsideDown UIInterfaceOrientationLandscapeLeft UIInterfaceOrientationLandscapeRight";
				INFOPLIST_KEY_UISupportedInterfaceOrientations_iPhone = "UIInterfaceOrientationPortrait UIInterfaceOrientationLandscapeLeft UIInterfaceOrientationLandscapeRight";
				LD_RUNPATH_SEARCH_PATHS = (
					"$(inherited)",
					"@executable_path/Frameworks",
				);
				MARKETING_VERSION = 1.0;
				PRODUCT_BUNDLE_IDENTIFIER = com.zenia.PerectBNB;
				PRODUCT_NAME = "$(TARGET_NAME)";
				SWIFT_EMIT_LOC_STRINGS = YES;
				SWIFT_VERSION = 5.0;
				TARGETED_DEVICE_FAMILY = "1,2";
			};
			name = Debug;
		};
		935C7A692850EE2E002AA3BD /* Release */ = {
			isa = XCBuildConfiguration;
			buildSettings = {
				ASSETCATALOG_COMPILER_APPICON_NAME = AppIcon;
				ASSETCATALOG_COMPILER_GLOBAL_ACCENT_COLOR_NAME = AccentColor;
				CODE_SIGN_STYLE = Automatic;
				CURRENT_PROJECT_VERSION = 1;
				DEVELOPMENT_TEAM = 4ZFGP72SKW;
				GENERATE_INFOPLIST_FILE = YES;
				INFOPLIST_FILE = PerectBNB/Info.plist;
				INFOPLIST_KEY_UIApplicationSupportsIndirectInputEvents = YES;
				INFOPLIST_KEY_UILaunchStoryboardName = LaunchScreen;
				INFOPLIST_KEY_UIMainStoryboardFile = Main;
				INFOPLIST_KEY_UISupportedInterfaceOrientations_iPad = "UIInterfaceOrientationPortrait UIInterfaceOrientationPortraitUpsideDown UIInterfaceOrientationLandscapeLeft UIInterfaceOrientationLandscapeRight";
				INFOPLIST_KEY_UISupportedInterfaceOrientations_iPhone = "UIInterfaceOrientationPortrait UIInterfaceOrientationLandscapeLeft UIInterfaceOrientationLandscapeRight";
				LD_RUNPATH_SEARCH_PATHS = (
					"$(inherited)",
					"@executable_path/Frameworks",
				);
				MARKETING_VERSION = 1.0;
				PRODUCT_BUNDLE_IDENTIFIER = com.zenia.PerectBNB;
				PRODUCT_NAME = "$(TARGET_NAME)";
				SWIFT_EMIT_LOC_STRINGS = YES;
				SWIFT_VERSION = 5.0;
				TARGETED_DEVICE_FAMILY = "1,2";
			};
			name = Release;
		};
/* End XCBuildConfiguration section */

/* Begin XCConfigurationList section */
		935C7A4E2850EE2C002AA3BD /* Build configuration list for PBXProject "PerectBNB" */ = {
			isa = XCConfigurationList;
			buildConfigurations = (
				935C7A652850EE2E002AA3BD /* Debug */,
				935C7A662850EE2E002AA3BD /* Release */,
			);
			defaultConfigurationIsVisible = 0;
			defaultConfigurationName = Release;
		};
		935C7A672850EE2E002AA3BD /* Build configuration list for PBXNativeTarget "PerectBNB" */ = {
			isa = XCConfigurationList;
			buildConfigurations = (
				935C7A682850EE2E002AA3BD /* Debug */,
				935C7A692850EE2E002AA3BD /* Release */,
			);
			defaultConfigurationIsVisible = 0;
			defaultConfigurationName = Release;
		};
/* End XCConfigurationList section */
	};
	rootObject = 935C7A4B2850EE2C002AA3BD /* Project object */;
}
